// !$*UTF8*$!
{
	archiveVersion = 1;
	classes = {
	};
	objectVersion = 48;
	objects = {

/* Begin PBXBuildFile section */
		171A7B81206BBDAB00BFB8EB /* AppDelegate.swift in Sources */ = {isa = PBXBuildFile; fileRef = 171A7B80206BBDAB00BFB8EB /* AppDelegate.swift */; };
		171A7B83206BBDAB00BFB8EB /* MessagesController.swift in Sources */ = {isa = PBXBuildFile; fileRef = 171A7B82206BBDAB00BFB8EB /* MessagesController.swift */; };
		171A7B86206BBDAB00BFB8EB /* Main.storyboard in Resources */ = {isa = PBXBuildFile; fileRef = 171A7B84206BBDAB00BFB8EB /* Main.storyboard */; };
		171A7B88206BBDAB00BFB8EB /* Assets.xcassets in Resources */ = {isa = PBXBuildFile; fileRef = 171A7B87206BBDAB00BFB8EB /* Assets.xcassets */; };
		171A7B8B206BBDAB00BFB8EB /* LaunchScreen.storyboard in Resources */ = {isa = PBXBuildFile; fileRef = 171A7B89206BBDAB00BFB8EB /* LaunchScreen.storyboard */; };
		171A7B94206BC11000BFB8EB /* LoginController.swift in Sources */ = {isa = PBXBuildFile; fileRef = 171A7B93206BC11000BFB8EB /* LoginController.swift */; };
		171A7B96206BD2F700BFB8EB /* GoogleService-Info.plist in Resources */ = {isa = PBXBuildFile; fileRef = 171A7B95206BD2F700BFB8EB /* GoogleService-Info.plist */; };
		174EE93B20779F8400845088 /* ChatInputContainerView.swift in Sources */ = {isa = PBXBuildFile; fileRef = 174EE93A20779F8400845088 /* ChatInputContainerView.swift */; };
		17502425206CBFB30067C907 /* NewMessageController.swift in Sources */ = {isa = PBXBuildFile; fileRef = 17502424206CBFB30067C907 /* NewMessageController.swift */; };
		17515136206E1CF5002752F6 /* Message.swift in Sources */ = {isa = PBXBuildFile; fileRef = 17515135206E1CF5002752F6 /* Message.swift */; };
		17515139206E2697002752F6 /* UserCell.swift in Sources */ = {isa = PBXBuildFile; fileRef = 17515138206E2697002752F6 /* UserCell.swift */; };
		1751513B206E69E9002752F6 /* ChatMessageCell.swift in Sources */ = {isa = PBXBuildFile; fileRef = 1751513A206E69E9002752F6 /* ChatMessageCell.swift */; };
		1762004820BFE55F00D4A5AC /* AudioToolbox.framework in Frameworks */ = {isa = PBXBuildFile; fileRef = 1762004720BFE55F00D4A5AC /* AudioToolbox.framework */; };
		1775B45E206CC47500BEE9D7 /* user.swift in Sources */ = {isa = PBXBuildFile; fileRef = 1775B45D206CC47500BEE9D7 /* user.swift */; };
		1775B460206CE0D500BEE9D7 /* LoginController+handler.swift in Sources */ = {isa = PBXBuildFile; fileRef = 1775B45F206CE0D500BEE9D7 /* LoginController+handler.swift */; };
		420FC4D17E12DC1182D6D0EA /* Pods_Swift_4_FireBase_Chat_App.framework in Frameworks */ = {isa = PBXBuildFile; fileRef = 7FB78E12FC428BC5DD7F6471 /* Pods_Swift_4_FireBase_Chat_App.framework */; };
		D687E115206D5A3F00BF67F2 /* ChatLogController.swift in Sources */ = {isa = PBXBuildFile; fileRef = D687E114206D5A3F00BF67F2 /* ChatLogController.swift */; };
/* End PBXBuildFile section */

/* Begin PBXFileReference section */
		171A7B7D206BBDAB00BFB8EB /* Swift-4-FireBase-Chat-App.app */ = {isa = PBXFileReference; explicitFileType = wrapper.application; includeInIndex = 0; path = "Swift-4-FireBase-Chat-App.app"; sourceTree = BUILT_PRODUCTS_DIR; };
		171A7B80206BBDAB00BFB8EB /* AppDelegate.swift */ = {isa = PBXFileReference; lastKnownFileType = sourcecode.swift; path = AppDelegate.swift; sourceTree = "<group>"; };
		171A7B82206BBDAB00BFB8EB /* MessagesController.swift */ = {isa = PBXFileReference; lastKnownFileType = sourcecode.swift; path = MessagesController.swift; sourceTree = "<group>"; };
		171A7B85206BBDAB00BFB8EB /* Base */ = {isa = PBXFileReference; lastKnownFileType = file.storyboard; name = Base; path = Base.lproj/Main.storyboard; sourceTree = "<group>"; };
		171A7B87206BBDAB00BFB8EB /* Assets.xcassets */ = {isa = PBXFileReference; lastKnownFileType = folder.assetcatalog; path = Assets.xcassets; sourceTree = "<group>"; };
		171A7B8A206BBDAB00BFB8EB /* Base */ = {isa = PBXFileReference; lastKnownFileType = file.storyboard; name = Base; path = Base.lproj/LaunchScreen.storyboard; sourceTree = "<group>"; };
		171A7B8C206BBDAB00BFB8EB /* Info.plist */ = {isa = PBXFileReference; lastKnownFileType = text.plist.xml; path = Info.plist; sourceTree = "<group>"; };
		171A7B93206BC11000BFB8EB /* LoginController.swift */ = {isa = PBXFileReference; lastKnownFileType = sourcecode.swift; path = LoginController.swift; sourceTree = "<group>"; };
		171A7B95206BD2F700BFB8EB /* GoogleService-Info.plist */ = {isa = PBXFileReference; fileEncoding = 4; lastKnownFileType = text.plist.xml; path = "GoogleService-Info.plist"; sourceTree = "<group>"; };
		174EE93A20779F8400845088 /* ChatInputContainerView.swift */ = {isa = PBXFileReference; lastKnownFileType = sourcecode.swift; path = ChatInputContainerView.swift; sourceTree = "<group>"; };
		17502424206CBFB30067C907 /* NewMessageController.swift */ = {isa = PBXFileReference; lastKnownFileType = sourcecode.swift; path = NewMessageController.swift; sourceTree = "<group>"; };
		17515135206E1CF5002752F6 /* Message.swift */ = {isa = PBXFileReference; lastKnownFileType = sourcecode.swift; path = Message.swift; sourceTree = "<group>"; };
		17515138206E2697002752F6 /* UserCell.swift */ = {isa = PBXFileReference; lastKnownFileType = sourcecode.swift; path = UserCell.swift; sourceTree = "<group>"; };
		1751513A206E69E9002752F6 /* ChatMessageCell.swift */ = {isa = PBXFileReference; lastKnownFileType = sourcecode.swift; path = ChatMessageCell.swift; sourceTree = "<group>"; };
		1762004720BFE55F00D4A5AC /* AudioToolbox.framework */ = {isa = PBXFileReference; lastKnownFileType = wrapper.framework; name = AudioToolbox.framework; path = System/Library/Frameworks/AudioToolbox.framework; sourceTree = SDKROOT; };
		1775B45D206CC47500BEE9D7 /* user.swift */ = {isa = PBXFileReference; lastKnownFileType = sourcecode.swift; path = user.swift; sourceTree = "<group>"; };
		1775B45F206CE0D500BEE9D7 /* LoginController+handler.swift */ = {isa = PBXFileReference; lastKnownFileType = sourcecode.swift; path = "LoginController+handler.swift"; sourceTree = "<group>"; };
		6F1005E4225C4E9A5ABF1FF9 /* Pods-Swift-4-FireBase-Chat-App.release.xcconfig */ = {isa = PBXFileReference; includeInIndex = 1; lastKnownFileType = text.xcconfig; name = "Pods-Swift-4-FireBase-Chat-App.release.xcconfig"; path = "Pods/Target Support Files/Pods-Swift-4-FireBase-Chat-App/Pods-Swift-4-FireBase-Chat-App.release.xcconfig"; sourceTree = "<group>"; };
		7FB78E12FC428BC5DD7F6471 /* Pods_Swift_4_FireBase_Chat_App.framework */ = {isa = PBXFileReference; explicitFileType = wrapper.framework; includeInIndex = 0; path = Pods_Swift_4_FireBase_Chat_App.framework; sourceTree = BUILT_PRODUCTS_DIR; };
		D687E114206D5A3F00BF67F2 /* ChatLogController.swift */ = {isa = PBXFileReference; lastKnownFileType = sourcecode.swift; path = ChatLogController.swift; sourceTree = "<group>"; };
		DA1A66356D7DC1F61186345C /* Pods-Swift-4-FireBase-Chat-App.debug.xcconfig */ = {isa = PBXFileReference; includeInIndex = 1; lastKnownFileType = text.xcconfig; name = "Pods-Swift-4-FireBase-Chat-App.debug.xcconfig"; path = "Pods/Target Support Files/Pods-Swift-4-FireBase-Chat-App/Pods-Swift-4-FireBase-Chat-App.debug.xcconfig"; sourceTree = "<group>"; };
/* End PBXFileReference section */

/* Begin PBXFrameworksBuildPhase section */
		171A7B7A206BBDAB00BFB8EB /* Frameworks */ = {
			isa = PBXFrameworksBuildPhase;
			buildActionMask = 2147483647;
			files = (
				1762004820BFE55F00D4A5AC /* AudioToolbox.framework in Frameworks */,
				420FC4D17E12DC1182D6D0EA /* Pods_Swift_4_FireBase_Chat_App.framework in Frameworks */,
			);
			runOnlyForDeploymentPostprocessing = 0;
		};
/* End PBXFrameworksBuildPhase section */

/* Begin PBXGroup section */
		171A7B74206BBDAB00BFB8EB = {
			isa = PBXGroup;
			children = (
				171A7B7F206BBDAB00BFB8EB /* Swift-4-FireBase-Chat-App */,
				171A7B7E206BBDAB00BFB8EB /* Products */,
				A9CD9CEBA82FACCD15561337 /* Pods */,
				CFE1DE856B019FE309B6C969 /* Frameworks */,
			);
			sourceTree = "<group>";
		};
		171A7B7E206BBDAB00BFB8EB /* Products */ = {
			isa = PBXGroup;
			children = (
				171A7B7D206BBDAB00BFB8EB /* Swift-4-FireBase-Chat-App.app */,
			);
			name = Products;
			sourceTree = "<group>";
		};
		171A7B7F206BBDAB00BFB8EB /* Swift-4-FireBase-Chat-App */ = {
			isa = PBXGroup;
			children = (
				17515137206E2682002752F6 /* Views */,
				1775B45C206CC46000BEE9D7 /* Model */,
				171A7B92206BC0F300BFB8EB /* Controller */,
				171A7B80206BBDAB00BFB8EB /* AppDelegate.swift */,
				171A7B84206BBDAB00BFB8EB /* Main.storyboard */,
				171A7B87206BBDAB00BFB8EB /* Assets.xcassets */,
				171A7B89206BBDAB00BFB8EB /* LaunchScreen.storyboard */,
				171A7B8C206BBDAB00BFB8EB /* Info.plist */,
				171A7B95206BD2F700BFB8EB /* GoogleService-Info.plist */,
			);
			path = "Swift-4-FireBase-Chat-App";
			sourceTree = "<group>";
		};
		171A7B92206BC0F300BFB8EB /* Controller */ = {
			isa = PBXGroup;
			children = (
				171A7B82206BBDAB00BFB8EB /* MessagesController.swift */,
				171A7B93206BC11000BFB8EB /* LoginController.swift */,
				1775B45F206CE0D500BEE9D7 /* LoginController+handler.swift */,
				17502424206CBFB30067C907 /* NewMessageController.swift */,
				D687E114206D5A3F00BF67F2 /* ChatLogController.swift */,
			);
			path = Controller;
			sourceTree = "<group>";
		};
		17515137206E2682002752F6 /* Views */ = {
			isa = PBXGroup;
			children = (
				17515138206E2697002752F6 /* UserCell.swift */,
				1751513A206E69E9002752F6 /* ChatMessageCell.swift */,
				174EE93A20779F8400845088 /* ChatInputContainerView.swift */,
			);
			path = Views;
			sourceTree = "<group>";
		};
		1775B45C206CC46000BEE9D7 /* Model */ = {
			isa = PBXGroup;
			children = (
				1775B45D206CC47500BEE9D7 /* user.swift */,
				17515135206E1CF5002752F6 /* Message.swift */,
			);
			path = Model;
			sourceTree = "<group>";
		};
		A9CD9CEBA82FACCD15561337 /* Pods */ = {
			isa = PBXGroup;
			children = (
				DA1A66356D7DC1F61186345C /* Pods-Swift-4-FireBase-Chat-App.debug.xcconfig */,
				6F1005E4225C4E9A5ABF1FF9 /* Pods-Swift-4-FireBase-Chat-App.release.xcconfig */,
			);
			name = Pods;
			sourceTree = "<group>";
		};
		CFE1DE856B019FE309B6C969 /* Frameworks */ = {
			isa = PBXGroup;
			children = (
				1762004720BFE55F00D4A5AC /* AudioToolbox.framework */,
				7FB78E12FC428BC5DD7F6471 /* Pods_Swift_4_FireBase_Chat_App.framework */,
			);
			name = Frameworks;
			sourceTree = "<group>";
		};
/* End PBXGroup section */

/* Begin PBXNativeTarget section */
		171A7B7C206BBDAB00BFB8EB /* Swift-4-FireBase-Chat-App */ = {
			isa = PBXNativeTarget;
			buildConfigurationList = 171A7B8F206BBDAB00BFB8EB /* Build configuration list for PBXNativeTarget "Swift-4-FireBase-Chat-App" */;
			buildPhases = (
				78DB046449E756BA8C12110F /* [CP] Check Pods Manifest.lock */,
				171A7B79206BBDAB00BFB8EB /* Sources */,
				171A7B7A206BBDAB00BFB8EB /* Frameworks */,
				171A7B7B206BBDAB00BFB8EB /* Resources */,
				D8E2BB80B779D55047A49724 /* [CP] Embed Pods Frameworks */,
				DF3FB678E9A69F5D4F6715D9 /* [CP] Copy Pods Resources */,
			);
			buildRules = (
			);
			dependencies = (
			);
			name = "Swift-4-FireBase-Chat-App";
			productName = "Swift-4-FireBase-Chat-App";
			productReference = 171A7B7D206BBDAB00BFB8EB /* Swift-4-FireBase-Chat-App.app */;
			productType = "com.apple.product-type.application";
		};
/* End PBXNativeTarget section */

/* Begin PBXProject section */
		171A7B75206BBDAB00BFB8EB /* Project object */ = {
			isa = PBXProject;
			attributes = {
				LastSwiftUpdateCheck = 0920;
				LastUpgradeCheck = 0920;
				ORGANIZATIONNAME = Technoface;
				TargetAttributes = {
					171A7B7C206BBDAB00BFB8EB = {
						CreatedOnToolsVersion = 9.2;
						ProvisioningStyle = Automatic;
					};
				};
			};
			buildConfigurationList = 171A7B78206BBDAB00BFB8EB /* Build configuration list for PBXProject "Swift-4-FireBase-Chat-App" */;
			compatibilityVersion = "Xcode 8.0";
			developmentRegion = en;
			hasScannedForEncodings = 0;
			knownRegions = (
				en,
				Base,
			);
			mainGroup = 171A7B74206BBDAB00BFB8EB;
			productRefGroup = 171A7B7E206BBDAB00BFB8EB /* Products */;
			projectDirPath = "";
			projectRoot = "";
			targets = (
				171A7B7C206BBDAB00BFB8EB /* Swift-4-FireBase-Chat-App */,
			);
		};
/* End PBXProject section */

/* Begin PBXResourcesBuildPhase section */
		171A7B7B206BBDAB00BFB8EB /* Resources */ = {
			isa = PBXResourcesBuildPhase;
			buildActionMask = 2147483647;
			files = (
				171A7B8B206BBDAB00BFB8EB /* LaunchScreen.storyboard in Resources */,
				171A7B96206BD2F700BFB8EB /* GoogleService-Info.plist in Resources */,
				171A7B88206BBDAB00BFB8EB /* Assets.xcassets in Resources */,
				171A7B86206BBDAB00BFB8EB /* Main.storyboard in Resources */,
			);
			runOnlyForDeploymentPostprocessing = 0;
		};
/* End PBXResourcesBuildPhase section */

/* Begin PBXShellScriptBuildPhase section */
		78DB046449E756BA8C12110F /* [CP] Check Pods Manifest.lock */ = {
			isa = PBXShellScriptBuildPhase;
			buildActionMask = 2147483647;
			files = (
			);
			inputPaths = (
				"${PODS_PODFILE_DIR_PATH}/Podfile.lock",
				"${PODS_ROOT}/Manifest.lock",
			);
			name = "[CP] Check Pods Manifest.lock";
			outputPaths = (
				"$(DERIVED_FILE_DIR)/Pods-Swift-4-FireBase-Chat-App-checkManifestLockResult.txt",
			);
			runOnlyForDeploymentPostprocessing = 0;
			shellPath = /bin/sh;
			shellScript = "diff \"${PODS_PODFILE_DIR_PATH}/Podfile.lock\" \"${PODS_ROOT}/Manifest.lock\" > /dev/null\nif [ $? != 0 ] ; then\n    # print error to STDERR\n    echo \"error: The sandbox is not in sync with the Podfile.lock. Run 'pod install' or update your CocoaPods installation.\" >&2\n    exit 1\nfi\n# This output is used by Xcode 'outputs' to avoid re-running this script phase.\necho \"SUCCESS\" > \"${SCRIPT_OUTPUT_FILE_0}\"\n";
			showEnvVarsInLog = 0;
		};
		D8E2BB80B779D55047A49724 /* [CP] Embed Pods Frameworks */ = {
			isa = PBXShellScriptBuildPhase;
			buildActionMask = 2147483647;
			files = (
			);
			inputPaths = (
				"${SRCROOT}/Pods/Target Support Files/Pods-Swift-4-FireBase-Chat-App/Pods-Swift-4-FireBase-Chat-App-frameworks.sh",
				"${BUILT_PRODUCTS_DIR}/GTMSessionFetcher/GTMSessionFetcher.framework",
				"${BUILT_PRODUCTS_DIR}/GoogleToolboxForMac/GoogleToolboxForMac.framework",
				"${BUILT_PRODUCTS_DIR}/Kingfisher/Kingfisher.framework",
				"${BUILT_PRODUCTS_DIR}/leveldb-library/leveldb.framework",
				"${BUILT_PRODUCTS_DIR}/nanopb/nanopb.framework",
			);
			name = "[CP] Embed Pods Frameworks";
			outputPaths = (
				"${TARGET_BUILD_DIR}/${FRAMEWORKS_FOLDER_PATH}/GTMSessionFetcher.framework",
				"${TARGET_BUILD_DIR}/${FRAMEWORKS_FOLDER_PATH}/GoogleToolboxForMac.framework",
				"${TARGET_BUILD_DIR}/${FRAMEWORKS_FOLDER_PATH}/Kingfisher.framework",
				"${TARGET_BUILD_DIR}/${FRAMEWORKS_FOLDER_PATH}/leveldb.framework",
				"${TARGET_BUILD_DIR}/${FRAMEWORKS_FOLDER_PATH}/nanopb.framework",
			);
			runOnlyForDeploymentPostprocessing = 0;
			shellPath = /bin/sh;
			shellScript = "\"${SRCROOT}/Pods/Target Support Files/Pods-Swift-4-FireBase-Chat-App/Pods-Swift-4-FireBase-Chat-App-frameworks.sh\"\n";
			showEnvVarsInLog = 0;
		};
		DF3FB678E9A69F5D4F6715D9 /* [CP] Copy Pods Resources */ = {
			isa = PBXShellScriptBuildPhase;
			buildActionMask = 2147483647;
			files = (
			);
			inputPaths = (
			);
			name = "[CP] Copy Pods Resources";
			outputPaths = (
			);
			runOnlyForDeploymentPostprocessing = 0;
			shellPath = /bin/sh;
			shellScript = "\"${SRCROOT}/Pods/Target Support Files/Pods-Swift-4-FireBase-Chat-App/Pods-Swift-4-FireBase-Chat-App-resources.sh\"\n";
			showEnvVarsInLog = 0;
		};
/* End PBXShellScriptBuildPhase section */

/* Begin PBXSourcesBuildPhase section */
		171A7B79206BBDAB00BFB8EB /* Sources */ = {
			isa = PBXSourcesBuildPhase;
			buildActionMask = 2147483647;
			files = (
				1775B460206CE0D500BEE9D7 /* LoginController+handler.swift in Sources */,
				1751513B206E69E9002752F6 /* ChatMessageCell.swift in Sources */,
				17502425206CBFB30067C907 /* NewMessageController.swift in Sources */,
				171A7B94206BC11000BFB8EB /* LoginController.swift in Sources */,
				D687E115206D5A3F00BF67F2 /* ChatLogController.swift in Sources */,
				171A7B83206BBDAB00BFB8EB /* MessagesController.swift in Sources */,
				17515139206E2697002752F6 /* UserCell.swift in Sources */,
				17515136206E1CF5002752F6 /* Message.swift in Sources */,
				1775B45E206CC47500BEE9D7 /* user.swift in Sources */,
				174EE93B20779F8400845088 /* ChatInputContainerView.swift in Sources */,
				171A7B81206BBDAB00BFB8EB /* AppDelegate.swift in Sources */,
			);
			runOnlyForDeploymentPostprocessing = 0;
		};
/* End PBXSourcesBuildPhase section */

/* Begin PBXVariantGroup section */
		171A7B84206BBDAB00BFB8EB /* Main.storyboard */ = {
			isa = PBXVariantGroup;
			children = (
				171A7B85206BBDAB00BFB8EB /* Base */,
			);
			name = Main.storyboard;
			sourceTree = "<group>";
		};
		171A7B89206BBDAB00BFB8EB /* LaunchScreen.storyboard */ = {
			isa = PBXVariantGroup;
			children = (
				171A7B8A206BBDAB00BFB8EB /* Base */,
			);
			name = LaunchScreen.storyboard;
			sourceTree = "<group>";
		};
/* End PBXVariantGroup section */

/* Begin XCBuildConfiguration section */
		171A7B8D206BBDAB00BFB8EB /* Debug */ = {
			isa = XCBuildConfiguration;
			buildSettings = {
				ALWAYS_SEARCH_USER_PATHS = NO;
				CLANG_ANALYZER_NONNULL = YES;
				CLANG_ANALYZER_NUMBER_OBJECT_CONVERSION = YES_AGGRESSIVE;
				CLANG_CXX_LANGUAGE_STANDARD = "gnu++14";
				CLANG_CXX_LIBRARY = "libc++";
				CLANG_ENABLE_MODULES = YES;
				CLANG_ENABLE_OBJC_ARC = YES;
				CLANG_WARN_BLOCK_CAPTURE_AUTORELEASING = YES;
				CLANG_WARN_BOOL_CONVERSION = YES;
				CLANG_WARN_COMMA = YES;
				CLANG_WARN_CONSTANT_CONVERSION = YES;
				CLANG_WARN_DIRECT_OBJC_ISA_USAGE = YES_ERROR;
				CLANG_WARN_DOCUMENTATION_COMMENTS = YES;
				CLANG_WARN_EMPTY_BODY = YES;
				CLANG_WARN_ENUM_CONVERSION = YES;
				CLANG_WARN_INFINITE_RECURSION = YES;
				CLANG_WARN_INT_CONVERSION = YES;
				CLANG_WARN_NON_LITERAL_NULL_CONVERSION = YES;
				CLANG_WARN_OBJC_LITERAL_CONVERSION = YES;
				CLANG_WARN_OBJC_ROOT_CLASS = YES_ERROR;
				CLANG_WARN_RANGE_LOOP_ANALYSIS = YES;
				CLANG_WARN_STRICT_PROTOTYPES = YES;
				CLANG_WARN_SUSPICIOUS_MOVE = YES;
				CLANG_WARN_UNGUARDED_AVAILABILITY = YES_AGGRESSIVE;
				CLANG_WARN_UNREACHABLE_CODE = YES;
				CLANG_WARN__DUPLICATE_METHOD_MATCH = YES;
				CODE_SIGN_IDENTITY = "iPhone Developer";
				COPY_PHASE_STRIP = NO;
				DEBUG_INFORMATION_FORMAT = dwarf;
				ENABLE_STRICT_OBJC_MSGSEND = YES;
				ENABLE_TESTABILITY = YES;
				GCC_C_LANGUAGE_STANDARD = gnu11;
				GCC_DYNAMIC_NO_PIC = NO;
				GCC_NO_COMMON_BLOCKS = YES;
				GCC_OPTIMIZATION_LEVEL = 0;
				GCC_PREPROCESSOR_DEFINITIONS = (
					"DEBUG=1",
					"$(inherited)",
				);
				GCC_WARN_64_TO_32_BIT_CONVERSION = YES;
				GCC_WARN_ABOUT_RETURN_TYPE = YES_ERROR;
				GCC_WARN_UNDECLARED_SELECTOR = YES;
				GCC_WARN_UNINITIALIZED_AUTOS = YES_AGGRESSIVE;
				GCC_WARN_UNUSED_FUNCTION = YES;
				GCC_WARN_UNUSED_VARIABLE = YES;
				IPHONEOS_DEPLOYMENT_TARGET = 11.2;
				MTL_ENABLE_DEBUG_INFO = YES;
				ONLY_ACTIVE_ARCH = YES;
				SDKROOT = iphoneos;
				SWIFT_ACTIVE_COMPILATION_CONDITIONS = DEBUG;
				SWIFT_OPTIMIZATION_LEVEL = "-Onone";
			};
			name = Debug;
		};
		171A7B8E206BBDAB00BFB8EB /* Release */ = {
			isa = XCBuildConfiguration;
			buildSettings = {
				ALWAYS_SEARCH_USER_PATHS = NO;
				CLANG_ANALYZER_NONNULL = YES;
				CLANG_ANALYZER_NUMBER_OBJECT_CONVERSION = YES_AGGRESSIVE;
				CLANG_CXX_LANGUAGE_STANDARD = "gnu++14";
				CLANG_CXX_LIBRARY = "libc++";
				CLANG_ENABLE_MODULES = YES;
				CLANG_ENABLE_OBJC_ARC = YES;
				CLANG_WARN_BLOCK_CAPTURE_AUTORELEASING = YES;
				CLANG_WARN_BOOL_CONVERSION = YES;
				CLANG_WARN_COMMA = YES;
				CLANG_WARN_CONSTANT_CONVERSION = YES;
				CLANG_WARN_DIRECT_OBJC_ISA_USAGE = YES_ERROR;
				CLANG_WARN_DOCUMENTATION_COMMENTS = YES;
				CLANG_WARN_EMPTY_BODY = YES;
				CLANG_WARN_ENUM_CONVERSION = YES;
				CLANG_WARN_INFINITE_RECURSION = YES;
				CLANG_WARN_INT_CONVERSION = YES;
				CLANG_WARN_NON_LITERAL_NULL_CONVERSION = YES;
				CLANG_WARN_OBJC_LITERAL_CONVERSION = YES;
				CLANG_WARN_OBJC_ROOT_CLASS = YES_ERROR;
				CLANG_WARN_RANGE_LOOP_ANALYSIS = YES;
				CLANG_WARN_STRICT_PROTOTYPES = YES;
				CLANG_WARN_SUSPICIOUS_MOVE = YES;
				CLANG_WARN_UNGUARDED_AVAILABILITY = YES_AGGRESSIVE;
				CLANG_WARN_UNREACHABLE_CODE = YES;
				CLANG_WARN__DUPLICATE_METHOD_MATCH = YES;
				CODE_SIGN_IDENTITY = "iPhone Developer";
				COPY_PHASE_STRIP = NO;
				DEBUG_INFORMATION_FORMAT = "dwarf-with-dsym";
				ENABLE_NS_ASSERTIONS = NO;
				ENABLE_STRICT_OBJC_MSGSEND = YES;
				GCC_C_LANGUAGE_STANDARD = gnu11;
				GCC_NO_COMMON_BLOCKS = YES;
				GCC_WARN_64_TO_32_BIT_CONVERSION = YES;
				GCC_WARN_ABOUT_RETURN_TYPE = YES_ERROR;
				GCC_WARN_UNDECLARED_SELECTOR = YES;
				GCC_WARN_UNINITIALIZED_AUTOS = YES_AGGRESSIVE;
				GCC_WARN_UNUSED_FUNCTION = YES;
				GCC_WARN_UNUSED_VARIABLE = YES;
				IPHONEOS_DEPLOYMENT_TARGET = 11.2;
				MTL_ENABLE_DEBUG_INFO = NO;
				SDKROOT = iphoneos;
				SWIFT_OPTIMIZATION_LEVEL = "-Owholemodule";
				VALIDATE_PRODUCT = YES;
			};
			name = Release;
		};
		171A7B90206BBDAB00BFB8EB /* Debug */ = {
			isa = XCBuildConfiguration;
			baseConfigurationReference = DA1A66356D7DC1F61186345C /* Pods-Swift-4-FireBase-Chat-App.debug.xcconfig */;
			buildSettings = {
				ASSETCATALOG_COMPILER_APPICON_NAME = AppIcon;
				CODE_SIGN_STYLE = Automatic;
				DEVELOPMENT_TEAM = 77J9PH92MT;
				ENABLE_BITCODE = NO;
				INFOPLIST_FILE = "Swift-4-FireBase-Chat-App/Info.plist";
				IPHONEOS_DEPLOYMENT_TARGET = 10.0;
				LD_RUNPATH_SEARCH_PATHS = "$(inherited) @executable_path/Frameworks";
				PRODUCT_BUNDLE_IDENTIFIER = "unalozturk.Swift-4-FireBase-Chat-App2";
				PRODUCT_NAME = "$(TARGET_NAME)";
				SWIFT_VERSION = 4.0;
				TARGETED_DEVICE_FAMILY = "1,2";
			};
			name = Debug;
		};
		171A7B91206BBDAB00BFB8EB /* Release */ = {
			isa = XCBuildConfiguration;
			baseConfigurationReference = 6F1005E4225C4E9A5ABF1FF9 /* Pods-Swift-4-FireBase-Chat-App.release.xcconfig */;
			buildSettings = {
				ASSETCATALOG_COMPILER_APPICON_NAME = AppIcon;
				CODE_SIGN_STYLE = Automatic;
				DEVELOPMENT_TEAM = 77J9PH92MT;
				ENABLE_BITCODE = NO;
				INFOPLIST_FILE = "Swift-4-FireBase-Chat-App/Info.plist";
				IPHONEOS_DEPLOYMENT_TARGET = 10.0;
				LD_RUNPATH_SEARCH_PATHS = "$(inherited) @executable_path/Frameworks";
				PRODUCT_BUNDLE_IDENTIFIER = "unalozturk.Swift-4-FireBase-Chat-App2";
				PRODUCT_NAME = "$(TARGET_NAME)";
				SWIFT_VERSION = 4.0;
				TARGETED_DEVICE_FAMILY = "1,2";
			};
			name = Release;
		};
/* End XCBuildConfiguration section */

/* Begin XCConfigurationList section */
		171A7B78206BBDAB00BFB8EB /* Build configuration list for PBXProject "Swift-4-FireBase-Chat-App" */ = {
			isa = XCConfigurationList;
			buildConfigurations = (
				171A7B8D206BBDAB00BFB8EB /* Debug */,
				171A7B8E206BBDAB00BFB8EB /* Release */,
			);
			defaultConfigurationIsVisible = 0;
			defaultConfigurationName = Release;
		};
		171A7B8F206BBDAB00BFB8EB /* Build configuration list for PBXNativeTarget "Swift-4-FireBase-Chat-App" */ = {
			isa = XCConfigurationList;
			buildConfigurations = (
				171A7B90206BBDAB00BFB8EB /* Debug */,
				171A7B91206BBDAB00BFB8EB /* Release */,
			);
			defaultConfigurationIsVisible = 0;
			defaultConfigurationName = Release;
		};
/* End XCConfigurationList section */
	};
	rootObject = 171A7B75206BBDAB00BFB8EB /* Project object */;
}
